schema: '2.0'
stages:
  prepare_demo:
    cmd: uv run python src/glm/preprocess_2detect.py mode2 demo
    deps:
    - path: src/glm/datasets/raw/2detect
      hash: md5
      md5: 67e7e6227a3c83214c1c50fb338e4eea.dir
      size: 19026176
      nfiles: 6
    - path: src/glm/preprocess_2detect.py
      hash: md5
      md5: ccfb656291e0f83eff067e63aece625d
      size: 2538
    params:
      params.yaml:
        demo:
          data:
            raw_path: src/glm/datasets/raw/2detect
            processed_path: src/glm/datasets/processed/2detect
    outs:
    - path: src/glm/datasets/processed/2detect
      hash: md5
      md5: 714c75e736e98e6bc7d0dc4f76f59684.dir
      size: 31727360
      nfiles: 2
  run_demo:
    cmd: uv run python src/glm/run_demo.py
    deps:
    - path: src/glm/datasets/processed/2detect
      hash: md5
      md5: 714c75e736e98e6bc7d0dc4f76f59684.dir
      size: 31727360
      nfiles: 2
    - path: src/glm/run_demo.py
      hash: md5
      md5: e3c7c54289abaddc857cde7017478d21
      size: 1768
    params:
      params.yaml:
        demo:
          data:
            raw_path: src/glm/datasets/raw/2detect
            processed_path: src/glm/datasets/processed/2detect
    outs:
    - path: src/glm/images/demo/reconstruction.jpg
      hash: md5
      md5: 4d094a10b9b06e0a7a763ec31622441e
      size: 17981
    - path: src/glm/images/demo/sinogram.jpg
      hash: md5
      md5: 9564192459134caa2f0e79440ff057fc
      size: 41795
    - path: src/glm/images/demo/target.jpg
      hash: md5
      md5: 3d40d439da4a3c4e4f7cf1ce7a749f74
      size: 20319
  prepare_training:
    cmd: uv run python src/glm/preprocess_2detect.py
    deps:
    - path: /media/Store-HDD/emilien_temp/raw/2detect
      hash: md5
      md5: 70a3bb98868091186c1dc8e7c3bfd707.dir
      size: 466547236513
      nfiles: 80010
    - path: src/glm/preprocess_2detect.py
      hash: md5
      md5: c0c77d44d88359f649bdd61fdf639ecd
      size: 2041
    params:
      params.yaml:
        data:
          raw_path: /media/Store-HDD/emilien_temp/raw/2detect
          processed_path: /media/Store-HDD/emilien_temp/processed/2detect
    outs:
    - path: /media/Store-HDD/emilien_temp/processed/2detect
      hash: md5
      md5: a674bba13773e535a99ea4eb7a5afc28.dir
      size: 475910400000
      nfiles: 30000
  pretraining:
    cmd: uv run python src/glm/pretrain.py
    deps:
    - path: /home/emilien/datasets/processed/2detect
      hash: md5
      md5: c9b5188af6c5685168104b496816ee67.dir
      size: 182432320000
      nfiles: 11500
    - path: src/glm/pretrain.py
      hash: md5
      md5: 099f4ed8644e75c4d6aa34fa723f6b63
      size: 8024
    params:
      params.yaml:
        pretrain_parameters:
          hyperparameters:
            learning_rate: 0.0005
            epochs: 1
            batch_size: 8
            num_workers: 2
            downsampling: 1
          active_model: sinogram_CNN
          models:
            GLM:
              kernel_size: 7
              kernel_dimension: 1
              padding: 3
              n_channels: 24
              normalize: true
              improved: true
              cached: false
              add_self_loops: true
              aggr: add
            sinogram_CNN:
              kernel_size: 7
              kernel_dimension: 2
              padding: 3
              n_channels: 24
    outs:
    - path: dvclive/pretraining
      hash: md5
      md5: 5c22e0c7b310316111936cdfc6a89b99.dir
      size: 51145
      nfiles: 7
    - path: src/glm/saved_models/pretrained_sinogram_model.pt
      hash: md5
      md5: 1386fb1268459cb81dd26bee6dd6cb31
      size: 354115
  training:
    cmd: uv run python src/glm/train.py
    deps:
    - path: /home/emilien/datasets/processed/2detect
      hash: md5
      md5: c9b5188af6c5685168104b496816ee67.dir
      size: 182432320000
      nfiles: 11500
    - path: src/glm/saved_models/pretrained_sinogram_model.pt
      hash: md5
      md5: 1386fb1268459cb81dd26bee6dd6cb31
      size: 354115
    - path: src/glm/train.py
      hash: md5
      md5: e1c7cc846720c435a1250cbf483d803d
      size: 11526
    params:
      params.yaml:
        pretrain_parameters:
          hyperparameters:
            learning_rate: 0.0005
            epochs: 1
            batch_size: 8
            num_workers: 2
            downsampling: 1
          active_model: sinogram_CNN
          models:
            GLM:
              kernel_size: 7
              kernel_dimension: 1
              padding: 3
              n_channels: 24
              normalize: true
              improved: true
              cached: false
              add_self_loops: true
              aggr: add
            sinogram_CNN:
              kernel_size: 7
              kernel_dimension: 2
              padding: 3
              n_channels: 24
        train_parameters:
          hyperparameters:
            learning_rate: 5e-05
            epochs: 40
            batch_size: 8
            num_workers: 2
            downsampling: 1
          active_pseudo_inverse: filtered_backprojection
          pseudo_inverse:
            backprojection:
              n_voxels: 1024
              impl: pytorch
            filtered_backprojection:
              n_voxels: 1024
              impl: pytorch
              filter_name: Ram-Lak
          active_image_model: image_CNN
          image_models:
            image_CNN:
              n_channels: 32
              in_channels: 1
              out_channels: 1
              kernel_dimension: 2
              kernel_size: 7
              padding: 3
    outs:
    - path: dvclive/training
      hash: md5
      md5: 3c653e96ad98e89b23b39612bb3d9649.dir
      size: 1051736
      nfiles: 7
    - path: src/glm/saved_models/model.pt
      hash: md5
      md5: cdcdc08c2089f15ec9558c0a4ccca3b1
      size: 568573
  evaluate:
    cmd: uv run python src/glm/evaluate.py
    deps:
    - path: src/glm/evaluate.py
      hash: md5
      md5: f41f42c5b243f0c077e5d49f20db0828
      size: 7156
    - path: src/glm/saved_models/model.pt
      hash: md5
      md5: cdcdc08c2089f15ec9558c0a4ccca3b1
      size: 568573
    params:
      params.yaml:
        evaluate_parameters:
          downsampling: 10
          batch_size: 8
          num_workers: 1
        pretrain_parameters:
          hyperparameters:
            learning_rate: 0.0005
            epochs: 1
            batch_size: 8
            num_workers: 2
            downsampling: 1
          active_model: sinogram_CNN
          models:
            GLM:
              kernel_size: 7
              kernel_dimension: 1
              padding: 3
              n_channels: 24
              normalize: true
              improved: true
              cached: false
              add_self_loops: true
              aggr: add
            sinogram_CNN:
              kernel_size: 7
              kernel_dimension: 2
              padding: 3
              n_channels: 24
        train_parameters:
          hyperparameters:
            learning_rate: 5e-05
            epochs: 40
            batch_size: 8
            num_workers: 2
            downsampling: 1
          active_pseudo_inverse: filtered_backprojection
          pseudo_inverse:
            backprojection:
              n_voxels: 1024
              impl: pytorch
            filtered_backprojection:
              n_voxels: 1024
              impl: pytorch
              filter_name: Ram-Lak
          active_image_model: image_CNN
          image_models:
            image_CNN:
              n_channels: 32
              in_channels: 1
              out_channels: 1
              kernel_dimension: 2
              kernel_size: 7
              padding: 3
    outs:
    - path: dvclive/evaluate
      hash: md5
      md5: 0274a8588bcf4e8152377fc3584fa858.dir
      size: 168
      nfiles: 4
  evaluate_FBP:
    cmd: uv run python src/glm/evaluate_FBP.py
    deps:
    - path: src/glm/evaluate_FBP.py
      hash: md5
      md5: a3373bef4b136e6328e02d93e95ccde9
      size: 4889
    params:
      params.yaml:
        evaluate_parameters:
          downsampling: 10
          batch_size: 8
          num_workers: 1
        pretrain_parameters:
          hyperparameters:
            learning_rate: 0.0005
            epochs: 1
            batch_size: 8
            num_workers: 2
            downsampling: 1
          active_model: sinogram_CNN
          models:
            GLM:
              kernel_size: 7
              kernel_dimension: 1
              padding: 3
              n_channels: 24
              normalize: true
              improved: true
              cached: false
              add_self_loops: true
              aggr: add
            sinogram_CNN:
              kernel_size: 7
              kernel_dimension: 2
              padding: 3
              n_channels: 24
        train_parameters:
          hyperparameters:
            learning_rate: 5e-05
            epochs: 40
            batch_size: 8
            num_workers: 2
            downsampling: 1
          active_pseudo_inverse: filtered_backprojection
          pseudo_inverse:
            backprojection:
              n_voxels: 1024
              impl: pytorch
            filtered_backprojection:
              n_voxels: 1024
              impl: pytorch
              filter_name: Ram-Lak
          active_image_model: image_CNN
          image_models:
            image_CNN:
              n_channels: 32
              in_channels: 1
              out_channels: 1
              kernel_dimension: 2
              kernel_size: 7
              padding: 3
    outs:
    - path: dvclive/evaluate_FBP
      hash: md5
      md5: ecfa4a365a9fe6258aa4fc4286cc089e.dir
      size: 168
      nfiles: 4
